
Microsoft Visual Studio Solution File, Format Version 12.00
# Visual Studio Version 17
VisualStudioVersion = 17.5.002.0
MinimumVisualStudioVersion = 10.0.40219.1

Project("{FAE04EC0-301F-11D3-BF4B-00C04F79EFBC}") = "Program", "Program.csproj", "{DDEC8438-FC37-42C7-9CC8-8300D9B85F0C}"
EndProject
Global
	GlobalSection(SolutionConfigurationPlatforms) = preSolution
		Debug|Any CPU = Debug|Any CPU
		Release|Any CPU = Release|Any CPU
	EndGlobalSection
	GlobalSection(ProjectConfigurationPlatforms) = postSolution
		{3D40AB10-3848-4F7F-98EF-39B5025926FA}.Debug|Any CPU.ActiveCfg = Debug|Any CPU
		{3D40AB10-3848-4F7F-98EF-39B5025926FA}.Debug|Any CPU.Build.0 = Debug|Any CPU
		{3D40AB10-3848-4F7F-98EF-39B5025926FA}.Release|Any CPU.ActiveCfg = Release|Any CPU
		{3D40AB10-3848-4F7F-98EF-39B5025926FA}.Release|Any CPU.Build.0 = Release|Any CPU
		{CD86F4BF-14ED-4FAB-A773-C5976F97A834}.Debug|Any CPU.ActiveCfg = Debug|Any CPU
		{CD86F4BF-14ED-4FAB-A773-C5976F97A834}.Debug|Any CPU.Build.0 = Debug|Any CPU
		{CD86F4BF-14ED-4FAB-A773-C5976F97A834}.Release|Any CPU.ActiveCfg = Release|Any CPU
		{CD86F4BF-14ED-4FAB-A773-C5976F97A834}.Release|Any CPU.Build.0 = Release|Any CPU
		{DDEC8438-FC37-42C7-9CC8-8300D9B85F0C}.Debug|Any CPU.ActiveCfg = Debug|Any CPU
		{DDEC8438-FC37-42C7-9CC8-8300D9B85F0C}.Debug|Any CPU.Build.0 = Debug|Any CPU
		{DDEC8438-FC37-42C7-9CC8-8300D9B85F0C}.Release|Any CPU.ActiveCfg = Release|Any CPU
		{DDEC8438-FC37-42C7-9CC8-8300D9B85F0C}.Release|Any CPU.Build.0 = Release|Any CPU
	EndGlobalSection
	GlobalSection(SolutionProperties) = preSolution
		HideSolutionNode = FALSE
	EndGlobalSection
	GlobalSection(ExtensibilityGlobals) = postSolution
		SolutionGuid = {A37A6510-FA94-4E6E-82DC-132E57453C3E}
	EndGlobalSection
EndGlobal
